// !$*UTF8*$!
{
	archiveVersion = 1;
	classes = {
	};
	objectVersion = 56;
	objects = {

/* Begin PBXBuildFile section */
		BDAA60932A6721C300824AA2 /* Duck.swift in Sources */ = {isa = PBXBuildFile; fileRef = BDAA60922A6721C300824AA2 /* Duck.swift */; };
		BDAA60952A67221500824AA2 /* Calculator.swift in Sources */ = {isa = PBXBuildFile; fileRef = BDAA60942A67221500824AA2 /* Calculator.swift */; };
		BDAA60972A67225A00824AA2 /* Resources.swift in Sources */ = {isa = PBXBuildFile; fileRef = BDAA60962A67225A00824AA2 /* Resources.swift */; };
		BDAA60992A67230D00824AA2 /* Notes.swift in Sources */ = {isa = PBXBuildFile; fileRef = BDAA60982A67230D00824AA2 /* Notes.swift */; };
		BDCDF4492A67138A00EC1909 /* StudyDuckApp.swift in Sources */ = {isa = PBXBuildFile; fileRef = BDCDF4482A67138A00EC1909 /* StudyDuckApp.swift */; };
		BDCDF44B2A67138A00EC1909 /* ContentView.swift in Sources */ = {isa = PBXBuildFile; fileRef = BDCDF44A2A67138A00EC1909 /* ContentView.swift */; };
		BDCDF44D2A67138B00EC1909 /* Assets.xcassets in Resources */ = {isa = PBXBuildFile; fileRef = BDCDF44C2A67138B00EC1909 /* Assets.xcassets */; };
		BDCDF4502A67138C00EC1909 /* Preview Assets.xcassets in Resources */ = {isa = PBXBuildFile; fileRef = BDCDF44F2A67138C00EC1909 /* Preview Assets.xcassets */; };
		BDE2D7262A671EB900B98FE9 /* calendar.swift in Sources */ = {isa = PBXBuildFile; fileRef = BDE2D7252A671EB900B98FE9 /* calendar.swift */; };
		BDE2D7282A6720FF00B98FE9 /* Schedule.swift in Sources */ = {isa = PBXBuildFile; fileRef = BDE2D7272A6720FF00B98FE9 /* Schedule.swift */; };
/* End PBXBuildFile section */

/* Begin PBXFileReference section */
		BDAA60922A6721C300824AA2 /* Duck.swift */ = {isa = PBXFileReference; lastKnownFileType = sourcecode.swift; path = Duck.swift; sourceTree = "<group>"; };
		BDAA60942A67221500824AA2 /* Calculator.swift */ = {isa = PBXFileReference; lastKnownFileType = sourcecode.swift; path = Calculator.swift; sourceTree = "<group>"; };
		BDAA60962A67225A00824AA2 /* Resources.swift */ = {isa = PBXFileReference; lastKnownFileType = sourcecode.swift; path = Resources.swift; sourceTree = "<group>"; };
		BDAA60982A67230D00824AA2 /* Notes.swift */ = {isa = PBXFileReference; lastKnownFileType = sourcecode.swift; path = Notes.swift; sourceTree = "<group>"; };
		BDCDF4452A67138A00EC1909 /* StudyDuck.app */ = {isa = PBXFileReference; explicitFileType = wrapper.application; includeInIndex = 0; path = StudyDuck.app; sourceTree = BUILT_PRODUCTS_DIR; };
		BDCDF4482A67138A00EC1909 /* StudyDuckApp.swift */ = {isa = PBXFileReference; lastKnownFileType = sourcecode.swift; path = StudyDuckApp.swift; sourceTree = "<group>"; };
		BDCDF44A2A67138A00EC1909 /* ContentView.swift */ = {isa = PBXFileReference; lastKnownFileType = sourcecode.swift; path = ContentView.swift; sourceTree = "<group>"; };
		BDCDF44C2A67138B00EC1909 /* Assets.xcassets */ = {isa = PBXFileReference; lastKnownFileType = folder.assetcatalog; path = Assets.xcassets; sourceTree = "<group>"; };
		BDCDF44F2A67138C00EC1909 /* Preview Assets.xcassets */ = {isa = PBXFileReference; lastKnownFileType = folder.assetcatalog; path = "Preview Assets.xcassets"; sourceTree = "<group>"; };
		BDE2D7252A671EB900B98FE9 /* calendar.swift */ = {isa = PBXFileReference; lastKnownFileType = sourcecode.swift; path = calendar.swift; sourceTree = "<group>"; };
		BDE2D7272A6720FF00B98FE9 /* Schedule.swift */ = {isa = PBXFileReference; lastKnownFileType = sourcecode.swift; path = Schedule.swift; sourceTree = "<group>"; };
/* End PBXFileReference section */

/* Begin PBXFrameworksBuildPhase section */
		BDCDF4422A67138A00EC1909 /* Frameworks */ = {
			isa = PBXFrameworksBuildPhase;
			buildActionMask = 2147483647;
			files = (
			);
			runOnlyForDeploymentPostprocessing = 0;
		};
/* End PBXFrameworksBuildPhase section */

/* Begin PBXGroup section */
		BDCDF43C2A67138A00EC1909 = {
			isa = PBXGroup;
			children = (
				BDCDF4472A67138A00EC1909 /* StudyDuck */,
				BDCDF4462A67138A00EC1909 /* Products */,
			);
			sourceTree = "<group>";
		};
		BDCDF4462A67138A00EC1909 /* Products */ = {
			isa = PBXGroup;
			children = (
				BDCDF4452A67138A00EC1909 /* StudyDuck.app */,
			);
			name = Products;
			sourceTree = "<group>";
		};
		BDCDF4472A67138A00EC1909 /* StudyDuck */ = {
			isa = PBXGroup;
			children = (
				BDCDF4482A67138A00EC1909 /* StudyDuckApp.swift */,
				BDCDF44A2A67138A00EC1909 /* ContentView.swift */,
				BDAA60982A67230D00824AA2 /* Notes.swift */,
				BDAA60962A67225A00824AA2 /* Resources.swift */,
				BDAA60942A67221500824AA2 /* Calculator.swift */,
				BDAA60922A6721C300824AA2 /* Duck.swift */,
				BDE2D7272A6720FF00B98FE9 /* Schedule.swift */,
				BDE2D7252A671EB900B98FE9 /* calendar.swift */,
				BDCDF44C2A67138B00EC1909 /* Assets.xcassets */,
				BDCDF44E2A67138C00EC1909 /* Preview Content */,
			);
			path = StudyDuck;
			sourceTree = "<group>";
		};
		BDCDF44E2A67138C00EC1909 /* Preview Content */ = {
			isa = PBXGroup;
			children = (
				BDCDF44F2A67138C00EC1909 /* Preview Assets.xcassets */,
			);
			path = "Preview Content";
			sourceTree = "<group>";
		};
/* End PBXGroup section */

/* Begin PBXNativeTarget section */
		BDCDF4442A67138A00EC1909 /* StudyDuck */ = {
			isa = PBXNativeTarget;
			buildConfigurationList = BDCDF4532A67138C00EC1909 /* Build configuration list for PBXNativeTarget "StudyDuck" */;
			buildPhases = (
				BDCDF4412A67138A00EC1909 /* Sources */,
				BDCDF4422A67138A00EC1909 /* Frameworks */,
				BDCDF4432A67138A00EC1909 /* Resources */,
			);
			buildRules = (
			);
			dependencies = (
			);
			name = StudyDuck;
			productName = StudyDuck;
			productReference = BDCDF4452A67138A00EC1909 /* StudyDuck.app */;
			productType = "com.apple.product-type.application";
		};
/* End PBXNativeTarget section */

/* Begin PBXProject section */
		BDCDF43D2A67138A00EC1909 /* Project object */ = {
			isa = PBXProject;
			attributes = {
				BuildIndependentTargetsInParallel = 1;
				LastSwiftUpdateCheck = 1430;
				LastUpgradeCheck = 1430;
				TargetAttributes = {
					BDCDF4442A67138A00EC1909 = {
						CreatedOnToolsVersion = 14.3.1;
					};
				};
			};
			buildConfigurationList = BDCDF4402A67138A00EC1909 /* Build configuration list for PBXProject "StudyDuck" */;
			compatibilityVersion = "Xcode 14.0";
			developmentRegion = en;
			hasScannedForEncodings = 0;
			knownRegions = (
				en,
				Base,
			);
			mainGroup = BDCDF43C2A67138A00EC1909;
			productRefGroup = BDCDF4462A67138A00EC1909 /* Products */;
			projectDirPath = "";
			projectRoot = "";
			targets = (
				BDCDF4442A67138A00EC1909 /* StudyDuck */,
			);
		};
/* End PBXProject section */

/* Begin PBXResourcesBuildPhase section */
		BDCDF4432A67138A00EC1909 /* Resources */ = {
			isa = PBXResourcesBuildPhase;
			buildActionMask = 2147483647;
			files = (
				BDCDF4502A67138C00EC1909 /* Preview Assets.xcassets in Resources */,
				BDCDF44D2A67138B00EC1909 /* Assets.xcassets in Resources */,
			);
			runOnlyForDeploymentPostprocessing = 0;
		};
/* End PBXResourcesBuildPhase section */

/* Begin PBXSourcesBuildPhase section */
		BDCDF4412A67138A00EC1909 /* Sources */ = {
			isa = PBXSourcesBuildPhase;
			buildActionMask = 2147483647;
			files = (
				BDAA60932A6721C300824AA2 /* Duck.swift in Sources */,
				BDE2D7262A671EB900B98FE9 /* calendar.swift in Sources */,
				BDAA60972A67225A00824AA2 /* Resources.swift in Sources */,
				BDCDF44B2A67138A00EC1909 /* ContentView.swift in Sources */,
				BDE2D7282A6720FF00B98FE9 /* Schedule.swift in Sources */,
				BDCDF4492A67138A00EC1909 /* StudyDuckApp.swift in Sources */,
				BDAA60952A67221500824AA2 /* Calculator.swift in Sources */,
				BDAA60992A67230D00824AA2 /* Notes.swift in Sources */,
			);
			runOnlyForDeploymentPostprocessing = 0;
		};
/* End PBXSourcesBuildPhase section */

/* Begin XCBuildConfiguration section */
		BDCDF4512A67138C00EC1909 /* Debug */ = {
			isa = XCBuildConfiguration;
			buildSettings = {
				ALWAYS_SEARCH_USER_PATHS = NO;
				CLANG_ANALYZER_NONNULL = YES;
				CLANG_ANALYZER_NUMBER_OBJECT_CONVERSION = YES_AGGRESSIVE;
				CLANG_CXX_LANGUAGE_STANDARD = "gnu++20";
				CLANG_ENABLE_MODULES = YES;
				CLANG_ENABLE_OBJC_ARC = YES;
				CLANG_ENABLE_OBJC_WEAK = YES;
				CLANG_WARN_BLOCK_CAPTURE_AUTORELEASING = YES;
				CLANG_WARN_BOOL_CONVERSION = YES;
				CLANG_WARN_COMMA = YES;
				CLANG_WARN_CONSTANT_CONVERSION = YES;
				CLANG_WARN_DEPRECATED_OBJC_IMPLEMENTATIONS = YES;
				CLANG_WARN_DIRECT_OBJC_ISA_USAGE = YES_ERROR;
				CLANG_WARN_DOCUMENTATION_COMMENTS = YES;
				CLANG_WARN_EMPTY_BODY = YES;
				CLANG_WARN_ENUM_CONVERSION = YES;
				CLANG_WARN_INFINITE_RECURSION = YES;
				CLANG_WARN_INT_CONVERSION = YES;
				CLANG_WARN_NON_LITERAL_NULL_CONVERSION = YES;
				CLANG_WARN_OBJC_IMPLICIT_RETAIN_SELF = YES;
				CLANG_WARN_OBJC_LITERAL_CONVERSION = YES;
				CLANG_WARN_OBJC_ROOT_CLASS = YES_ERROR;
				CLANG_WARN_QUOTED_INCLUDE_IN_FRAMEWORK_HEADER = YES;
				CLANG_WARN_RANGE_LOOP_ANALYSIS = YES;
				CLANG_WARN_STRICT_PROTOTYPES = YES;
				CLANG_WARN_SUSPICIOUS_MOVE = YES;
				CLANG_WARN_UNGUARDED_AVAILABILITY = YES_AGGRESSIVE;
				CLANG_WARN_UNREACHABLE_CODE = YES;
				CLANG_WARN__DUPLICATE_METHOD_MATCH = YES;
				COPY_PHASE_STRIP = NO;
				DEBUG_INFORMATION_FORMAT = dwarf;
				ENABLE_STRICT_OBJC_MSGSEND = YES;
				ENABLE_TESTABILITY = YES;
				GCC_C_LANGUAGE_STANDARD = gnu11;
				GCC_DYNAMIC_NO_PIC = NO;
				GCC_NO_COMMON_BLOCKS = YES;
				GCC_OPTIMIZATION_LEVEL = 0;
				GCC_PREPROCESSOR_DEFINITIONS = (
					"DEBUG=1",
					"$(inherited)",
				);
				GCC_WARN_64_TO_32_BIT_CONVERSION = YES;
				GCC_WARN_ABOUT_RETURN_TYPE = YES_ERROR;
				GCC_WARN_UNDECLARED_SELECTOR = YES;
				GCC_WARN_UNINITIALIZED_AUTOS = YES_AGGRESSIVE;
				GCC_WARN_UNUSED_FUNCTION = YES;
				GCC_WARN_UNUSED_VARIABLE = YES;
				IPHONEOS_DEPLOYMENT_TARGET = 16.4;
				MTL_ENABLE_DEBUG_INFO = INCLUDE_SOURCE;
				MTL_FAST_MATH = YES;
				ONLY_ACTIVE_ARCH = YES;
				SDKROOT = iphoneos;
				SWIFT_ACTIVE_COMPILATION_CONDITIONS = DEBUG;
				SWIFT_OPTIMIZATION_LEVEL = "-Onone";
			};
			name = Debug;
		};
		BDCDF4522A67138C00EC1909 /* Release */ = {
			isa = XCBuildConfiguration;
			buildSettings = {
				ALWAYS_SEARCH_USER_PATHS = NO;
				CLANG_ANALYZER_NONNULL = YES;
				CLANG_ANALYZER_NUMBER_OBJECT_CONVERSION = YES_AGGRESSIVE;
				CLANG_CXX_LANGUAGE_STANDARD = "gnu++20";
				CLANG_ENABLE_MODULES = YES;
				CLANG_ENABLE_OBJC_ARC = YES;
				CLANG_ENABLE_OBJC_WEAK = YES;
				CLANG_WARN_BLOCK_CAPTURE_AUTORELEASING = YES;
				CLANG_WARN_BOOL_CONVERSION = YES;
				CLANG_WARN_COMMA = YES;
				CLANG_WARN_CONSTANT_CONVERSION = YES;
				CLANG_WARN_DEPRECATED_OBJC_IMPLEMENTATIONS = YES;
				CLANG_WARN_DIRECT_OBJC_ISA_USAGE = YES_ERROR;
				CLANG_WARN_DOCUMENTATION_COMMENTS = YES;
				CLANG_WARN_EMPTY_BODY = YES;
				CLANG_WARN_ENUM_CONVERSION = YES;
				CLANG_WARN_INFINITE_RECURSION = YES;
				CLANG_WARN_INT_CONVERSION = YES;
				CLANG_WARN_NON_LITERAL_NULL_CONVERSION = YES;
				CLANG_WARN_OBJC_IMPLICIT_RETAIN_SELF = YES;
				CLANG_WARN_OBJC_LITERAL_CONVERSION = YES;
				CLANG_WARN_OBJC_ROOT_CLASS = YES_ERROR;
				CLANG_WARN_QUOTED_INCLUDE_IN_FRAMEWORK_HEADER = YES;
				CLANG_WARN_RANGE_LOOP_ANALYSIS = YES;
				CLANG_WARN_STRICT_PROTOTYPES = YES;
				CLANG_WARN_SUSPICIOUS_MOVE = YES;
				CLANG_WARN_UNGUARDED_AVAILABILITY = YES_AGGRESSIVE;
				CLANG_WARN_UNREACHABLE_CODE = YES;
				CLANG_WARN__DUPLICATE_METHOD_MATCH = YES;
				COPY_PHASE_STRIP = NO;
				DEBUG_INFORMATION_FORMAT = "dwarf-with-dsym";
				ENABLE_NS_ASSERTIONS = NO;
				ENABLE_STRICT_OBJC_MSGSEND = YES;
				GCC_C_LANGUAGE_STANDARD = gnu11;
				GCC_NO_COMMON_BLOCKS = YES;
				GCC_WARN_64_TO_32_BIT_CONVERSION = YES;
				GCC_WARN_ABOUT_RETURN_TYPE = YES_ERROR;
				GCC_WARN_UNDECLARED_SELECTOR = YES;
				GCC_WARN_UNINITIALIZED_AUTOS = YES_AGGRESSIVE;
				GCC_WARN_UNUSED_FUNCTION = YES;
				GCC_WARN_UNUSED_VARIABLE = YES;
				IPHONEOS_DEPLOYMENT_TARGET = 16.4;
				MTL_ENABLE_DEBUG_INFO = NO;
				MTL_FAST_MATH = YES;
				SDKROOT = iphoneos;
				SWIFT_COMPILATION_MODE = wholemodule;
				SWIFT_OPTIMIZATION_LEVEL = "-O";
				VALIDATE_PRODUCT = YES;
			};
			name = Release;
		};
		BDCDF4542A67138C00EC1909 /* Debug */ = {
			isa = XCBuildConfiguration;
			buildSettings = {
				ASSETCATALOG_COMPILER_APPICON_NAME = AppIcon;
				ASSETCATALOG_COMPILER_GLOBAL_ACCENT_COLOR_NAME = AccentColor;
				CODE_SIGN_STYLE = Automatic;
				CURRENT_PROJECT_VERSION = 1;
				DEVELOPMENT_ASSET_PATHS = "\"StudyDuck/Preview Content\"";
				ENABLE_PREVIEWS = YES;
				GENERATE_INFOPLIST_FILE = YES;
				INFOPLIST_KEY_UIApplicationSceneManifest_Generation = YES;
				INFOPLIST_KEY_UIApplicationSupportsIndirectInputEvents = YES;
				INFOPLIST_KEY_UILaunchScreen_Generation = YES;
				INFOPLIST_KEY_UISupportedInterfaceOrientations_iPad = "UIInterfaceOrientationPortrait UIInterfaceOrientationPortraitUpsideDown UIInterfaceOrientationLandscapeLeft UIInterfaceOrientationLandscapeRight";
				INFOPLIST_KEY_UISupportedInterfaceOrientations_iPhone = "UIInterfaceOrientationPortrait UIInterfaceOrientationLandscapeLeft UIInterfaceOrientationLandscapeRight";
				LD_RUNPATH_SEARCH_PATHS = (
					"$(inherited)",
					"@executable_path/Frameworks",
				);
				MARKETING_VERSION = 1.0;
				PRODUCT_BUNDLE_IDENTIFIER = KWK.StudyDuck;
				PRODUCT_NAME = "$(TARGET_NAME)";
				SWIFT_EMIT_LOC_STRINGS = YES;
				SWIFT_VERSION = 5.0;
				TARGETED_DEVICE_FAMILY = "1,2";
			};
			name = Debug;
		};
		BDCDF4552A67138C00EC1909 /* Release */ = {
			isa = XCBuildConfiguration;
			buildSettings = {
				ASSETCATALOG_COMPILER_APPICON_NAME = AppIcon;
				ASSETCATALOG_COMPILER_GLOBAL_ACCENT_COLOR_NAME = AccentColor;
				CODE_SIGN_STYLE = Automatic;
				CURRENT_PROJECT_VERSION = 1;
				DEVELOPMENT_ASSET_PATHS = "\"StudyDuck/Preview Content\"";
				ENABLE_PREVIEWS = YES;
				GENERATE_INFOPLIST_FILE = YES;
				INFOPLIST_KEY_UIApplicationSceneManifest_Generation = YES;
				INFOPLIST_KEY_UIApplicationSupportsIndirectInputEvents = YES;
				INFOPLIST_KEY_UILaunchScreen_Generation = YES;
				INFOPLIST_KEY_UISupportedInterfaceOrientations_iPad = "UIInterfaceOrientationPortrait UIInterfaceOrientationPortraitUpsideDown UIInterfaceOrientationLandscapeLeft UIInterfaceOrientationLandscapeRight";
				INFOPLIST_KEY_UISupportedInterfaceOrientations_iPhone = "UIInterfaceOrientationPortrait UIInterfaceOrientationLandscapeLeft UIInterfaceOrientationLandscapeRight";
				LD_RUNPATH_SEARCH_PATHS = (
					"$(inherited)",
					"@executable_path/Frameworks",
				);
				MARKETING_VERSION = 1.0;
				PRODUCT_BUNDLE_IDENTIFIER = KWK.StudyDuck;
				PRODUCT_NAME = "$(TARGET_NAME)";
				SWIFT_EMIT_LOC_STRINGS = YES;
				SWIFT_VERSION = 5.0;
				TARGETED_DEVICE_FAMILY = "1,2";
			};
			name = Release;
		};
/* End XCBuildConfiguration section */

/* Begin XCConfigurationList section */
		BDCDF4402A67138A00EC1909 /* Build configuration list for PBXProject "StudyDuck" */ = {
			isa = XCConfigurationList;
			buildConfigurations = (
				BDCDF4512A67138C00EC1909 /* Debug */,
				BDCDF4522A67138C00EC1909 /* Release */,
			);
			defaultConfigurationIsVisible = 0;
			defaultConfigurationName = Release;
		};
		BDCDF4532A67138C00EC1909 /* Build configuration list for PBXNativeTarget "StudyDuck" */ = {
			isa = XCConfigurationList;
			buildConfigurations = (
				BDCDF4542A67138C00EC1909 /* Debug */,
				BDCDF4552A67138C00EC1909 /* Release */,
			);
			defaultConfigurationIsVisible = 0;
			defaultConfigurationName = Release;
		};
/* End XCConfigurationList section */
	};
	rootObject = BDCDF43D2A67138A00EC1909 /* Project object */;
}
